
Microsoft Visual Studio Solution File, Format Version 12.00
Project("{FAE04EC0-301F-11D3-BF4B-00C04F79EFBC}") = "ZooFactory", "ZooFactory\ZooFactory.csproj", "{91910937-A4A8-42DD-8C5F-99A9C7E179E9}"
EndProject
Project("{FAE04EC0-301F-11D3-BF4B-00C04F79EFBC}") = "FactoryLib", "FactoryLib\FactoryLib.csproj", "{9FB66223-7FAA-460C-AEAB-AA2489F3D5C4}"
EndProject
Global
	GlobalSection(SolutionConfigurationPlatforms) = preSolution
		Debug|Any CPU = Debug|Any CPU
		Release|Any CPU = Release|Any CPU
	EndGlobalSection
	GlobalSection(ProjectConfigurationPlatforms) = postSolution
		{91910937-A4A8-42DD-8C5F-99A9C7E179E9}.Debug|Any CPU.ActiveCfg = Debug|Any CPU
		{91910937-A4A8-42DD-8C5F-99A9C7E179E9}.Debug|Any CPU.Build.0 = Debug|Any CPU
		{91910937-A4A8-42DD-8C5F-99A9C7E179E9}.Release|Any CPU.ActiveCfg = Release|Any CPU
		{91910937-A4A8-42DD-8C5F-99A9C7E179E9}.Release|Any CPU.Build.0 = Release|Any CPU
		{9FB66223-7FAA-460C-AEAB-AA2489F3D5C4}.Debug|Any CPU.ActiveCfg = Debug|Any CPU
		{9FB66223-7FAA-460C-AEAB-AA2489F3D5C4}.Debug|Any CPU.Build.0 = Debug|Any CPU
		{9FB66223-7FAA-460C-AEAB-AA2489F3D5C4}.Release|Any CPU.ActiveCfg = Release|Any CPU
		{9FB66223-7FAA-460C-AEAB-AA2489F3D5C4}.Release|Any CPU.Build.0 = Release|Any CPU
	EndGlobalSection
EndGlobal
